// !$*UTF8*$!
{
	archiveVersion = 1;
	classes = {
	};
	objectVersion = 56;
	objects = {

/* Begin PBXBuildFile section */
		134AC2A82B44C48F00D074D6 /* RandomizerView.swift in Sources */ = {isa = PBXBuildFile; fileRef = 134AC2A72B44C48F00D074D6 /* RandomizerView.swift */; };
		139A87E42B434CBD004789D1 /* RechetaApp.swift in Sources */ = {isa = PBXBuildFile; fileRef = 139A87E32B434CBD004789D1 /* RechetaApp.swift */; };
		139A87E82B434CC0004789D1 /* Assets.xcassets in Resources */ = {isa = PBXBuildFile; fileRef = 139A87E72B434CC0004789D1 /* Assets.xcassets */; };
		139A87EB2B434CC0004789D1 /* Preview Assets.xcassets in Resources */ = {isa = PBXBuildFile; fileRef = 139A87EA2B434CC0004789D1 /* Preview Assets.xcassets */; };
		139A87F52B434CC0004789D1 /* RechetaTests.swift in Sources */ = {isa = PBXBuildFile; fileRef = 139A87F42B434CC0004789D1 /* RechetaTests.swift */; };
		139A87FF2B434CC0004789D1 /* RechetaUITests.swift in Sources */ = {isa = PBXBuildFile; fileRef = 139A87FE2B434CC0004789D1 /* RechetaUITests.swift */; };
		139A88012B434CC0004789D1 /* RechetaUITestsLaunchTests.swift in Sources */ = {isa = PBXBuildFile; fileRef = 139A88002B434CC0004789D1 /* RechetaUITestsLaunchTests.swift */; };
		139A88142B434FE5004789D1 /* MainView.swift in Sources */ = {isa = PBXBuildFile; fileRef = 139A88132B434FE5004789D1 /* MainView.swift */; };
		139A88162B435292004789D1 /* TeamModel.swift in Sources */ = {isa = PBXBuildFile; fileRef = 139A88152B435292004789D1 /* TeamModel.swift */; };
		139A88182B436043004789D1 /* TeamsView.swift in Sources */ = {isa = PBXBuildFile; fileRef = 139A88172B436043004789D1 /* TeamsView.swift */; };
		139A881C2B436107004789D1 /* WordsView.swift in Sources */ = {isa = PBXBuildFile; fileRef = 139A881B2B436107004789D1 /* WordsView.swift */; };
		139A881E2B436154004789D1 /* TeamGameSetupView.swift in Sources */ = {isa = PBXBuildFile; fileRef = 139A881D2B436154004789D1 /* TeamGameSetupView.swift */; };
		139A88202B43750B004789D1 /* SettingsView.swift in Sources */ = {isa = PBXBuildFile; fileRef = 139A881F2B43750B004789D1 /* SettingsView.swift */; };
		139A88222B4377AE004789D1 /* GameView.swift in Sources */ = {isa = PBXBuildFile; fileRef = 139A88212B4377AE004789D1 /* GameView.swift */; };
/* End PBXBuildFile section */

/* Begin PBXContainerItemProxy section */
		139A87F12B434CC0004789D1 /* PBXContainerItemProxy */ = {
			isa = PBXContainerItemProxy;
			containerPortal = 139A87D82B434CBD004789D1 /* Project object */;
			proxyType = 1;
			remoteGlobalIDString = 139A87DF2B434CBD004789D1;
			remoteInfo = Recheta;
		};
		139A87FB2B434CC0004789D1 /* PBXContainerItemProxy */ = {
			isa = PBXContainerItemProxy;
			containerPortal = 139A87D82B434CBD004789D1 /* Project object */;
			proxyType = 1;
			remoteGlobalIDString = 139A87DF2B434CBD004789D1;
			remoteInfo = Recheta;
		};
/* End PBXContainerItemProxy section */

/* Begin PBXFileReference section */
		134AC2A72B44C48F00D074D6 /* RandomizerView.swift */ = {isa = PBXFileReference; lastKnownFileType = sourcecode.swift; path = RandomizerView.swift; sourceTree = "<group>"; };
		137883AD2B913FE2009B92D1 /* RechetaRelease.entitlements */ = {isa = PBXFileReference; lastKnownFileType = text.plist.entitlements; path = RechetaRelease.entitlements; sourceTree = "<group>"; };
		139A87E02B434CBD004789D1 /* Recheta.app */ = {isa = PBXFileReference; explicitFileType = wrapper.application; includeInIndex = 0; path = Recheta.app; sourceTree = BUILT_PRODUCTS_DIR; };
		139A87E32B434CBD004789D1 /* RechetaApp.swift */ = {isa = PBXFileReference; lastKnownFileType = sourcecode.swift; path = RechetaApp.swift; sourceTree = "<group>"; };
		139A87E72B434CC0004789D1 /* Assets.xcassets */ = {isa = PBXFileReference; lastKnownFileType = folder.assetcatalog; path = Assets.xcassets; sourceTree = "<group>"; };
		139A87EA2B434CC0004789D1 /* Preview Assets.xcassets */ = {isa = PBXFileReference; lastKnownFileType = folder.assetcatalog; path = "Preview Assets.xcassets"; sourceTree = "<group>"; };
		139A87F02B434CC0004789D1 /* RechetaTests.xctest */ = {isa = PBXFileReference; explicitFileType = wrapper.cfbundle; includeInIndex = 0; path = RechetaTests.xctest; sourceTree = BUILT_PRODUCTS_DIR; };
		139A87F42B434CC0004789D1 /* RechetaTests.swift */ = {isa = PBXFileReference; lastKnownFileType = sourcecode.swift; path = RechetaTests.swift; sourceTree = "<group>"; };
		139A87FA2B434CC0004789D1 /* RechetaUITests.xctest */ = {isa = PBXFileReference; explicitFileType = wrapper.cfbundle; includeInIndex = 0; path = RechetaUITests.xctest; sourceTree = BUILT_PRODUCTS_DIR; };
		139A87FE2B434CC0004789D1 /* RechetaUITests.swift */ = {isa = PBXFileReference; lastKnownFileType = sourcecode.swift; path = RechetaUITests.swift; sourceTree = "<group>"; };
		139A88002B434CC0004789D1 /* RechetaUITestsLaunchTests.swift */ = {isa = PBXFileReference; lastKnownFileType = sourcecode.swift; path = RechetaUITestsLaunchTests.swift; sourceTree = "<group>"; };
		139A88132B434FE5004789D1 /* MainView.swift */ = {isa = PBXFileReference; lastKnownFileType = sourcecode.swift; path = MainView.swift; sourceTree = "<group>"; };
		139A88152B435292004789D1 /* TeamModel.swift */ = {isa = PBXFileReference; lastKnownFileType = sourcecode.swift; path = TeamModel.swift; sourceTree = "<group>"; };
		139A88172B436043004789D1 /* TeamsView.swift */ = {isa = PBXFileReference; lastKnownFileType = sourcecode.swift; path = TeamsView.swift; sourceTree = "<group>"; };
		139A881B2B436107004789D1 /* WordsView.swift */ = {isa = PBXFileReference; lastKnownFileType = sourcecode.swift; path = WordsView.swift; sourceTree = "<group>"; };
		139A881D2B436154004789D1 /* TeamGameSetupView.swift */ = {isa = PBXFileReference; lastKnownFileType = sourcecode.swift; path = TeamGameSetupView.swift; sourceTree = "<group>"; };
		139A881F2B43750B004789D1 /* SettingsView.swift */ = {isa = PBXFileReference; lastKnownFileType = sourcecode.swift; path = SettingsView.swift; sourceTree = "<group>"; };
		139A88212B4377AE004789D1 /* GameView.swift */ = {isa = PBXFileReference; lastKnownFileType = sourcecode.swift; path = GameView.swift; sourceTree = "<group>"; };
/* End PBXFileReference section */

/* Begin PBXFrameworksBuildPhase section */
		139A87DD2B434CBD004789D1 /* Frameworks */ = {
			isa = PBXFrameworksBuildPhase;
			buildActionMask = 2147483647;
			files = (
			);
			runOnlyForDeploymentPostprocessing = 0;
		};
		139A87ED2B434CC0004789D1 /* Frameworks */ = {
			isa = PBXFrameworksBuildPhase;
			buildActionMask = 2147483647;
			files = (
			);
			runOnlyForDeploymentPostprocessing = 0;
		};
		139A87F72B434CC0004789D1 /* Frameworks */ = {
			isa = PBXFrameworksBuildPhase;
			buildActionMask = 2147483647;
			files = (
			);
			runOnlyForDeploymentPostprocessing = 0;
		};
/* End PBXFrameworksBuildPhase section */

/* Begin PBXGroup section */
		139A87D72B434CBD004789D1 = {
			isa = PBXGroup;
			children = (
				139A87E22B434CBD004789D1 /* Recheta */,
				139A87F32B434CC0004789D1 /* RechetaTests */,
				139A87FD2B434CC0004789D1 /* RechetaUITests */,
				139A87E12B434CBD004789D1 /* Products */,
			);
			sourceTree = "<group>";
		};
		139A87E12B434CBD004789D1 /* Products */ = {
			isa = PBXGroup;
			children = (
				139A87E02B434CBD004789D1 /* Recheta.app */,
				139A87F02B434CC0004789D1 /* RechetaTests.xctest */,
				139A87FA2B434CC0004789D1 /* RechetaUITests.xctest */,
			);
			name = Products;
			sourceTree = "<group>";
		};
		139A87E22B434CBD004789D1 /* Recheta */ = {
			isa = PBXGroup;
			children = (
				137883AD2B913FE2009B92D1 /* RechetaRelease.entitlements */,
				139A87E32B434CBD004789D1 /* RechetaApp.swift */,
				139A880D2B434D4E004789D1 /* Models */,
				139A880F2B434D7C004789D1 /* Views */,
				139A88102B434DA8004789D1 /* ViewModels */,
				139A87E72B434CC0004789D1 /* Assets.xcassets */,
				139A87E92B434CC0004789D1 /* Preview Content */,
			);
			path = Recheta;
			sourceTree = "<group>";
		};
		139A87E92B434CC0004789D1 /* Preview Content */ = {
			isa = PBXGroup;
			children = (
				139A87EA2B434CC0004789D1 /* Preview Assets.xcassets */,
			);
			path = "Preview Content";
			sourceTree = "<group>";
		};
		139A87F32B434CC0004789D1 /* RechetaTests */ = {
			isa = PBXGroup;
			children = (
				139A87F42B434CC0004789D1 /* RechetaTests.swift */,
			);
			path = RechetaTests;
			sourceTree = "<group>";
		};
		139A87FD2B434CC0004789D1 /* RechetaUITests */ = {
			isa = PBXGroup;
			children = (
				139A87FE2B434CC0004789D1 /* RechetaUITests.swift */,
				139A88002B434CC0004789D1 /* RechetaUITestsLaunchTests.swift */,
			);
			path = RechetaUITests;
			sourceTree = "<group>";
		};
		139A880D2B434D4E004789D1 /* Models */ = {
			isa = PBXGroup;
			children = (
				139A88152B435292004789D1 /* TeamModel.swift */,
			);
			path = Models;
			sourceTree = "<group>";
		};
		139A880F2B434D7C004789D1 /* Views */ = {
			isa = PBXGroup;
			children = (
				139A88132B434FE5004789D1 /* MainView.swift */,
				139A88212B4377AE004789D1 /* GameView.swift */,
				139A881A2B4360C5004789D1 /* TeamGameSetupGroup */,
				134AC2A72B44C48F00D074D6 /* RandomizerView.swift */,
			);
			path = Views;
			sourceTree = "<group>";
		};
		139A88102B434DA8004789D1 /* ViewModels */ = {
			isa = PBXGroup;
			children = (
			);
			path = ViewModels;
			sourceTree = "<group>";
		};
		139A881A2B4360C5004789D1 /* TeamGameSetupGroup */ = {
			isa = PBXGroup;
			children = (
				139A881D2B436154004789D1 /* TeamGameSetupView.swift */,
				139A88172B436043004789D1 /* TeamsView.swift */,
				139A881B2B436107004789D1 /* WordsView.swift */,
				139A881F2B43750B004789D1 /* SettingsView.swift */,
			);
			path = TeamGameSetupGroup;
			sourceTree = "<group>";
		};
/* End PBXGroup section */

/* Begin PBXNativeTarget section */
		139A87DF2B434CBD004789D1 /* Recheta */ = {
			isa = PBXNativeTarget;
			buildConfigurationList = 139A88042B434CC0004789D1 /* Build configuration list for PBXNativeTarget "Recheta" */;
			buildPhases = (
				139A87DC2B434CBD004789D1 /* Sources */,
				139A87DD2B434CBD004789D1 /* Frameworks */,
				139A87DE2B434CBD004789D1 /* Resources */,
			);
			buildRules = (
			);
			dependencies = (
			);
			name = Recheta;
			productName = Recheta;
			productReference = 139A87E02B434CBD004789D1 /* Recheta.app */;
			productType = "com.apple.product-type.application";
		};
		139A87EF2B434CC0004789D1 /* RechetaTests */ = {
			isa = PBXNativeTarget;
			buildConfigurationList = 139A88072B434CC0004789D1 /* Build configuration list for PBXNativeTarget "RechetaTests" */;
			buildPhases = (
				139A87EC2B434CC0004789D1 /* Sources */,
				139A87ED2B434CC0004789D1 /* Frameworks */,
				139A87EE2B434CC0004789D1 /* Resources */,
			);
			buildRules = (
			);
			dependencies = (
				139A87F22B434CC0004789D1 /* PBXTargetDependency */,
			);
			name = RechetaTests;
			productName = RechetaTests;
			productReference = 139A87F02B434CC0004789D1 /* RechetaTests.xctest */;
			productType = "com.apple.product-type.bundle.unit-test";
		};
		139A87F92B434CC0004789D1 /* RechetaUITests */ = {
			isa = PBXNativeTarget;
			buildConfigurationList = 139A880A2B434CC0004789D1 /* Build configuration list for PBXNativeTarget "RechetaUITests" */;
			buildPhases = (
				139A87F62B434CC0004789D1 /* Sources */,
				139A87F72B434CC0004789D1 /* Frameworks */,
				139A87F82B434CC0004789D1 /* Resources */,
			);
			buildRules = (
			);
			dependencies = (
				139A87FC2B434CC0004789D1 /* PBXTargetDependency */,
			);
			name = RechetaUITests;
			productName = RechetaUITests;
			productReference = 139A87FA2B434CC0004789D1 /* RechetaUITests.xctest */;
			productType = "com.apple.product-type.bundle.ui-testing";
		};
/* End PBXNativeTarget section */

/* Begin PBXProject section */
		139A87D82B434CBD004789D1 /* Project object */ = {
			isa = PBXProject;
			attributes = {
				BuildIndependentTargetsInParallel = 1;
				LastSwiftUpdateCheck = 1510;
				LastUpgradeCheck = 1510;
				TargetAttributes = {
					139A87DF2B434CBD004789D1 = {
						CreatedOnToolsVersion = 15.1;
					};
					139A87EF2B434CC0004789D1 = {
						CreatedOnToolsVersion = 15.1;
						TestTargetID = 139A87DF2B434CBD004789D1;
					};
					139A87F92B434CC0004789D1 = {
						CreatedOnToolsVersion = 15.1;
						TestTargetID = 139A87DF2B434CBD004789D1;
					};
				};
			};
			buildConfigurationList = 139A87DB2B434CBD004789D1 /* Build configuration list for PBXProject "Recheta" */;
			compatibilityVersion = "Xcode 14.0";
			developmentRegion = en;
			hasScannedForEncodings = 0;
			knownRegions = (
				en,
				Base,
			);
			mainGroup = 139A87D72B434CBD004789D1;
			productRefGroup = 139A87E12B434CBD004789D1 /* Products */;
			projectDirPath = "";
			projectRoot = "";
			targets = (
				139A87DF2B434CBD004789D1 /* Recheta */,
				139A87EF2B434CC0004789D1 /* RechetaTests */,
				139A87F92B434CC0004789D1 /* RechetaUITests */,
			);
		};
/* End PBXProject section */

/* Begin PBXResourcesBuildPhase section */
		139A87DE2B434CBD004789D1 /* Resources */ = {
			isa = PBXResourcesBuildPhase;
			buildActionMask = 2147483647;
			files = (
				139A87EB2B434CC0004789D1 /* Preview Assets.xcassets in Resources */,
				139A87E82B434CC0004789D1 /* Assets.xcassets in Resources */,
			);
			runOnlyForDeploymentPostprocessing = 0;
		};
		139A87EE2B434CC0004789D1 /* Resources */ = {
			isa = PBXResourcesBuildPhase;
			buildActionMask = 2147483647;
			files = (
			);
			runOnlyForDeploymentPostprocessing = 0;
		};
		139A87F82B434CC0004789D1 /* Resources */ = {
			isa = PBXResourcesBuildPhase;
			buildActionMask = 2147483647;
			files = (
			);
			runOnlyForDeploymentPostprocessing = 0;
		};
/* End PBXResourcesBuildPhase section */

/* Begin PBXSourcesBuildPhase section */
		139A87DC2B434CBD004789D1 /* Sources */ = {
			isa = PBXSourcesBuildPhase;
			buildActionMask = 2147483647;
			files = (
				139A88202B43750B004789D1 /* SettingsView.swift in Sources */,
				139A88142B434FE5004789D1 /* MainView.swift in Sources */,
				139A881E2B436154004789D1 /* TeamGameSetupView.swift in Sources */,
				139A88222B4377AE004789D1 /* GameView.swift in Sources */,
				139A881C2B436107004789D1 /* WordsView.swift in Sources */,
				139A88182B436043004789D1 /* TeamsView.swift in Sources */,
				139A88162B435292004789D1 /* TeamModel.swift in Sources */,
				139A87E42B434CBD004789D1 /* RechetaApp.swift in Sources */,
				134AC2A82B44C48F00D074D6 /* RandomizerView.swift in Sources */,
			);
			runOnlyForDeploymentPostprocessing = 0;
		};
		139A87EC2B434CC0004789D1 /* Sources */ = {
			isa = PBXSourcesBuildPhase;
			buildActionMask = 2147483647;
			files = (
				139A87F52B434CC0004789D1 /* RechetaTests.swift in Sources */,
			);
			runOnlyForDeploymentPostprocessing = 0;
		};
		139A87F62B434CC0004789D1 /* Sources */ = {
			isa = PBXSourcesBuildPhase;
			buildActionMask = 2147483647;
			files = (
				139A87FF2B434CC0004789D1 /* RechetaUITests.swift in Sources */,
				139A88012B434CC0004789D1 /* RechetaUITestsLaunchTests.swift in Sources */,
			);
			runOnlyForDeploymentPostprocessing = 0;
		};
/* End PBXSourcesBuildPhase section */

/* Begin PBXTargetDependency section */
		139A87F22B434CC0004789D1 /* PBXTargetDependency */ = {
			isa = PBXTargetDependency;
			target = 139A87DF2B434CBD004789D1 /* Recheta */;
			targetProxy = 139A87F12B434CC0004789D1 /* PBXContainerItemProxy */;
		};
		139A87FC2B434CC0004789D1 /* PBXTargetDependency */ = {
			isa = PBXTargetDependency;
			target = 139A87DF2B434CBD004789D1 /* Recheta */;
			targetProxy = 139A87FB2B434CC0004789D1 /* PBXContainerItemProxy */;
		};
/* End PBXTargetDependency section */

/* Begin XCBuildConfiguration section */
		139A88022B434CC0004789D1 /* Debug */ = {
			isa = XCBuildConfiguration;
			buildSettings = {
				ALWAYS_SEARCH_USER_PATHS = NO;
				ASSETCATALOG_COMPILER_GENERATE_SWIFT_ASSET_SYMBOL_EXTENSIONS = YES;
				CLANG_ANALYZER_NONNULL = YES;
				CLANG_ANALYZER_NUMBER_OBJECT_CONVERSION = YES_AGGRESSIVE;
				CLANG_CXX_LANGUAGE_STANDARD = "gnu++20";
				CLANG_ENABLE_MODULES = YES;
				CLANG_ENABLE_OBJC_ARC = YES;
				CLANG_ENABLE_OBJC_WEAK = YES;
				CLANG_WARN_BLOCK_CAPTURE_AUTORELEASING = YES;
				CLANG_WARN_BOOL_CONVERSION = YES;
				CLANG_WARN_COMMA = YES;
				CLANG_WARN_CONSTANT_CONVERSION = YES;
				CLANG_WARN_DEPRECATED_OBJC_IMPLEMENTATIONS = YES;
				CLANG_WARN_DIRECT_OBJC_ISA_USAGE = YES_ERROR;
				CLANG_WARN_DOCUMENTATION_COMMENTS = YES;
				CLANG_WARN_EMPTY_BODY = YES;
				CLANG_WARN_ENUM_CONVERSION = YES;
				CLANG_WARN_INFINITE_RECURSION = YES;
				CLANG_WARN_INT_CONVERSION = YES;
				CLANG_WARN_NON_LITERAL_NULL_CONVERSION = YES;
				CLANG_WARN_OBJC_IMPLICIT_RETAIN_SELF = YES;
				CLANG_WARN_OBJC_LITERAL_CONVERSION = YES;
				CLANG_WARN_OBJC_ROOT_CLASS = YES_ERROR;
				CLANG_WARN_QUOTED_INCLUDE_IN_FRAMEWORK_HEADER = YES;
				CLANG_WARN_RANGE_LOOP_ANALYSIS = YES;
				CLANG_WARN_STRICT_PROTOTYPES = YES;
				CLANG_WARN_SUSPICIOUS_MOVE = YES;
				CLANG_WARN_UNGUARDED_AVAILABILITY = YES_AGGRESSIVE;
				CLANG_WARN_UNREACHABLE_CODE = YES;
				CLANG_WARN__DUPLICATE_METHOD_MATCH = YES;
				COPY_PHASE_STRIP = NO;
				DEBUG_INFORMATION_FORMAT = dwarf;
				ENABLE_STRICT_OBJC_MSGSEND = YES;
				ENABLE_TESTABILITY = YES;
				ENABLE_USER_SCRIPT_SANDBOXING = YES;
				GCC_C_LANGUAGE_STANDARD = gnu17;
				GCC_DYNAMIC_NO_PIC = NO;
				GCC_NO_COMMON_BLOCKS = YES;
				GCC_OPTIMIZATION_LEVEL = 0;
				GCC_PREPROCESSOR_DEFINITIONS = (
					"DEBUG=1",
					"$(inherited)",
				);
				GCC_WARN_64_TO_32_BIT_CONVERSION = YES;
				GCC_WARN_ABOUT_RETURN_TYPE = YES_ERROR;
				GCC_WARN_UNDECLARED_SELECTOR = YES;
				GCC_WARN_UNINITIALIZED_AUTOS = YES_AGGRESSIVE;
				GCC_WARN_UNUSED_FUNCTION = YES;
				GCC_WARN_UNUSED_VARIABLE = YES;
				IPHONEOS_DEPLOYMENT_TARGET = 17.2;
				LOCALIZATION_PREFERS_STRING_CATALOGS = YES;
				MTL_ENABLE_DEBUG_INFO = INCLUDE_SOURCE;
				MTL_FAST_MATH = YES;
				ONLY_ACTIVE_ARCH = YES;
				SDKROOT = iphoneos;
				SWIFT_ACTIVE_COMPILATION_CONDITIONS = "DEBUG $(inherited)";
				SWIFT_OPTIMIZATION_LEVEL = "-Onone";
			};
			name = Debug;
		};
		139A88032B434CC0004789D1 /* Release */ = {
			isa = XCBuildConfiguration;
			buildSettings = {
				ALWAYS_SEARCH_USER_PATHS = NO;
				ASSETCATALOG_COMPILER_GENERATE_SWIFT_ASSET_SYMBOL_EXTENSIONS = YES;
				CLANG_ANALYZER_NONNULL = YES;
				CLANG_ANALYZER_NUMBER_OBJECT_CONVERSION = YES_AGGRESSIVE;
				CLANG_CXX_LANGUAGE_STANDARD = "gnu++20";
				CLANG_ENABLE_MODULES = YES;
				CLANG_ENABLE_OBJC_ARC = YES;
				CLANG_ENABLE_OBJC_WEAK = YES;
				CLANG_WARN_BLOCK_CAPTURE_AUTORELEASING = YES;
				CLANG_WARN_BOOL_CONVERSION = YES;
				CLANG_WARN_COMMA = YES;
				CLANG_WARN_CONSTANT_CONVERSION = YES;
				CLANG_WARN_DEPRECATED_OBJC_IMPLEMENTATIONS = YES;
				CLANG_WARN_DIRECT_OBJC_ISA_USAGE = YES_ERROR;
				CLANG_WARN_DOCUMENTATION_COMMENTS = YES;
				CLANG_WARN_EMPTY_BODY = YES;
				CLANG_WARN_ENUM_CONVERSION = YES;
				CLANG_WARN_INFINITE_RECURSION = YES;
				CLANG_WARN_INT_CONVERSION = YES;
				CLANG_WARN_NON_LITERAL_NULL_CONVERSION = YES;
				CLANG_WARN_OBJC_IMPLICIT_RETAIN_SELF = YES;
				CLANG_WARN_OBJC_LITERAL_CONVERSION = YES;
				CLANG_WARN_OBJC_ROOT_CLASS = YES_ERROR;
				CLANG_WARN_QUOTED_INCLUDE_IN_FRAMEWORK_HEADER = YES;
				CLANG_WARN_RANGE_LOOP_ANALYSIS = YES;
				CLANG_WARN_STRICT_PROTOTYPES = YES;
				CLANG_WARN_SUSPICIOUS_MOVE = YES;
				CLANG_WARN_UNGUARDED_AVAILABILITY = YES_AGGRESSIVE;
				CLANG_WARN_UNREACHABLE_CODE = YES;
				CLANG_WARN__DUPLICATE_METHOD_MATCH = YES;
				COPY_PHASE_STRIP = NO;
				DEBUG_INFORMATION_FORMAT = "dwarf-with-dsym";
				ENABLE_NS_ASSERTIONS = NO;
				ENABLE_STRICT_OBJC_MSGSEND = YES;
				ENABLE_USER_SCRIPT_SANDBOXING = YES;
				GCC_C_LANGUAGE_STANDARD = gnu17;
				GCC_NO_COMMON_BLOCKS = YES;
				GCC_WARN_64_TO_32_BIT_CONVERSION = YES;
				GCC_WARN_ABOUT_RETURN_TYPE = YES_ERROR;
				GCC_WARN_UNDECLARED_SELECTOR = YES;
				GCC_WARN_UNINITIALIZED_AUTOS = YES_AGGRESSIVE;
				GCC_WARN_UNUSED_FUNCTION = YES;
				GCC_WARN_UNUSED_VARIABLE = YES;
				IPHONEOS_DEPLOYMENT_TARGET = 17.2;
				LOCALIZATION_PREFERS_STRING_CATALOGS = YES;
				MTL_ENABLE_DEBUG_INFO = NO;
				MTL_FAST_MATH = YES;
				SDKROOT = iphoneos;
				SWIFT_COMPILATION_MODE = wholemodule;
				VALIDATE_PRODUCT = YES;
			};
			name = Release;
		};
		139A88052B434CC0004789D1 /* Debug */ = {
			isa = XCBuildConfiguration;
			buildSettings = {
				ASSETCATALOG_COMPILER_APPICON_NAME = AppIcon;
				ASSETCATALOG_COMPILER_GLOBAL_ACCENT_COLOR_NAME = AccentColor;
				CODE_SIGN_STYLE = Automatic;
				CURRENT_PROJECT_VERSION = 1;
				DEVELOPMENT_ASSET_PATHS = "\"Recheta/Preview Content\"";
				DEVELOPMENT_TEAM = 4R4PJK8UFG;
				ENABLE_PREVIEWS = YES;
				GENERATE_INFOPLIST_FILE = YES;
				INFOPLIST_KEY_CFBundleDisplayName = Recheta;
				INFOPLIST_KEY_LSApplicationCategoryType = "public.app-category.trivia-games";
				INFOPLIST_KEY_UIApplicationSceneManifest_Generation = YES;
				INFOPLIST_KEY_UIApplicationSupportsIndirectInputEvents = YES;
				INFOPLIST_KEY_UILaunchScreen_Generation = YES;
				INFOPLIST_KEY_UISupportedInterfaceOrientations = "UIInterfaceOrientationLandscapeLeft UIInterfaceOrientationLandscapeRight UIInterfaceOrientationPortrait";
				INFOPLIST_KEY_UISupportedInterfaceOrientations_iPad = "UIInterfaceOrientationLandscapeLeft UIInterfaceOrientationLandscapeRight UIInterfaceOrientationPortrait UIInterfaceOrientationPortraitUpsideDown";
				LD_RUNPATH_SEARCH_PATHS = (
					"$(inherited)",
					"@executable_path/Frameworks",
				);
				MARKETING_VERSION = 0.1;
				PRODUCT_BUNDLE_IDENTIFIER = com.recheta.recheta;
				PRODUCT_NAME = "$(TARGET_NAME)";
				SUPPORTED_PLATFORMS = "iphoneos iphonesimulator";
				SUPPORTS_MACCATALYST = NO;
				SUPPORTS_MAC_DESIGNED_FOR_IPHONE_IPAD = NO;
				SWIFT_EMIT_LOC_STRINGS = YES;
				SWIFT_VERSION = 5.0;
				TARGETED_DEVICE_FAMILY = "1,2";
			};
			name = Debug;
		};
		139A88062B434CC0004789D1 /* Release */ = {
			isa = XCBuildConfiguration;
			buildSettings = {
				ASSETCATALOG_COMPILER_APPICON_NAME = AppIcon;
				ASSETCATALOG_COMPILER_GLOBAL_ACCENT_COLOR_NAME = AccentColor;
				CODE_SIGN_ENTITLEMENTS = Recheta/RechetaRelease.entitlements;
				CODE_SIGN_STYLE = Automatic;
				CURRENT_PROJECT_VERSION = 1;
				DEVELOPMENT_ASSET_PATHS = "\"Recheta/Preview Content\"";
				DEVELOPMENT_TEAM = 4R4PJK8UFG;
				ENABLE_PREVIEWS = YES;
				GENERATE_INFOPLIST_FILE = YES;
				INFOPLIST_KEY_CFBundleDisplayName = Recheta;
				INFOPLIST_KEY_LSApplicationCategoryType = "public.app-category.trivia-games";
				INFOPLIST_KEY_UIApplicationSceneManifest_Generation = YES;
				INFOPLIST_KEY_UIApplicationSupportsIndirectInputEvents = YES;
				INFOPLIST_KEY_UILaunchScreen_Generation = YES;
				INFOPLIST_KEY_UISupportedInterfaceOrientations = "UIInterfaceOrientationLandscapeLeft UIInterfaceOrientationLandscapeRight UIInterfaceOrientationPortrait";
				INFOPLIST_KEY_UISupportedInterfaceOrientations_iPad = "UIInterfaceOrientationLandscapeLeft UIInterfaceOrientationLandscapeRight UIInterfaceOrientationPortrait UIInterfaceOrientationPortraitUpsideDown";
				LD_RUNPATH_SEARCH_PATHS = (
					"$(inherited)",
					"@executable_path/Frameworks",
				);
				MARKETING_VERSION = 0.1;
				PRODUCT_BUNDLE_IDENTIFIER = com.recheta.recheta;
				PRODUCT_NAME = "$(TARGET_NAME)";
				SUPPORTED_PLATFORMS = "iphoneos iphonesimulator";
				SUPPORTS_MACCATALYST = NO;
				SUPPORTS_MAC_DESIGNED_FOR_IPHONE_IPAD = NO;
				SWIFT_EMIT_LOC_STRINGS = YES;
				SWIFT_VERSION = 5.0;
				TARGETED_DEVICE_FAMILY = "1,2";
			};
			name = Release;
		};
		139A88082B434CC0004789D1 /* Debug */ = {
			isa = XCBuildConfiguration;
			buildSettings = {
				ALWAYS_EMBED_SWIFT_STANDARD_LIBRARIES = YES;
				BUNDLE_LOADER = "$(TEST_HOST)";
				CODE_SIGN_STYLE = Automatic;
				CURRENT_PROJECT_VERSION = 1;
				DEVELOPMENT_TEAM = 4R4PJK8UFG;
				GENERATE_INFOPLIST_FILE = YES;
				IPHONEOS_DEPLOYMENT_TARGET = 17.2;
				MARKETING_VERSION = 1.0;
				PRODUCT_BUNDLE_IDENTIFIER = com.recheta.recheta;
				PRODUCT_NAME = "$(TARGET_NAME)";
				SWIFT_EMIT_LOC_STRINGS = NO;
				SWIFT_VERSION = 5.0;
				TARGETED_DEVICE_FAMILY = "1,2";
				TEST_HOST = "$(BUILT_PRODUCTS_DIR)/Recheta.app/$(BUNDLE_EXECUTABLE_FOLDER_PATH)/Recheta";
			};
			name = Debug;
		};
		139A88092B434CC0004789D1 /* Release */ = {
			isa = XCBuildConfiguration;
			buildSettings = {
				ALWAYS_EMBED_SWIFT_STANDARD_LIBRARIES = YES;
				BUNDLE_LOADER = "$(TEST_HOST)";
				CODE_SIGN_STYLE = Automatic;
				CURRENT_PROJECT_VERSION = 1;
				DEVELOPMENT_TEAM = 4R4PJK8UFG;
				GENERATE_INFOPLIST_FILE = YES;
				IPHONEOS_DEPLOYMENT_TARGET = 17.2;
				MARKETING_VERSION = 1.0;
				PRODUCT_BUNDLE_IDENTIFIER = com.recheta.recheta;
				PRODUCT_NAME = "$(TARGET_NAME)";
				SWIFT_EMIT_LOC_STRINGS = NO;
				SWIFT_VERSION = 5.0;
				TARGETED_DEVICE_FAMILY = "1,2";
				TEST_HOST = "$(BUILT_PRODUCTS_DIR)/Recheta.app/$(BUNDLE_EXECUTABLE_FOLDER_PATH)/Recheta";
			};
			name = Release;
		};
		139A880B2B434CC0004789D1 /* Debug */ = {
			isa = XCBuildConfiguration;
			buildSettings = {
				ALWAYS_EMBED_SWIFT_STANDARD_LIBRARIES = YES;
				CODE_SIGN_STYLE = Automatic;
				CURRENT_PROJECT_VERSION = 1;
				GENERATE_INFOPLIST_FILE = YES;
				MARKETING_VERSION = 1.0;
				PRODUCT_BUNDLE_IDENTIFIER = personal.RechetaUITests;
				PRODUCT_NAME = "$(TARGET_NAME)";
				SWIFT_EMIT_LOC_STRINGS = NO;
				SWIFT_VERSION = 5.0;
				TARGETED_DEVICE_FAMILY = "1,2";
				TEST_TARGET_NAME = Recheta;
			};
			name = Debug;
		};
		139A880C2B434CC0004789D1 /* Release */ = {
			isa = XCBuildConfiguration;
			buildSettings = {
				ALWAYS_EMBED_SWIFT_STANDARD_LIBRARIES = YES;
				CODE_SIGN_STYLE = Automatic;
				CURRENT_PROJECT_VERSION = 1;
				GENERATE_INFOPLIST_FILE = YES;
				MARKETING_VERSION = 1.0;
				PRODUCT_BUNDLE_IDENTIFIER = personal.RechetaUITests;
				PRODUCT_NAME = "$(TARGET_NAME)";
				SWIFT_EMIT_LOC_STRINGS = NO;
				SWIFT_VERSION = 5.0;
				TARGETED_DEVICE_FAMILY = "1,2";
				TEST_TARGET_NAME = Recheta;
			};
			name = Release;
		};
/* End XCBuildConfiguration section */

/* Begin XCConfigurationList section */
		139A87DB2B434CBD004789D1 /* Build configuration list for PBXProject "Recheta" */ = {
			isa = XCConfigurationList;
			buildConfigurations = (
				139A88022B434CC0004789D1 /* Debug */,
				139A88032B434CC0004789D1 /* Release */,
			);
			defaultConfigurationIsVisible = 0;
			defaultConfigurationName = Release;
		};
		139A88042B434CC0004789D1 /* Build configuration list for PBXNativeTarget "Recheta" */ = {
			isa = XCConfigurationList;
			buildConfigurations = (
				139A88052B434CC0004789D1 /* Debug */,
				139A88062B434CC0004789D1 /* Release */,
			);
			defaultConfigurationIsVisible = 0;
			defaultConfigurationName = Release;
		};
		139A88072B434CC0004789D1 /* Build configuration list for PBXNativeTarget "RechetaTests" */ = {
			isa = XCConfigurationList;
			buildConfigurations = (
				139A88082B434CC0004789D1 /* Debug */,
				139A88092B434CC0004789D1 /* Release */,
			);
			defaultConfigurationIsVisible = 0;
			defaultConfigurationName = Release;
		};
		139A880A2B434CC0004789D1 /* Build configuration list for PBXNativeTarget "RechetaUITests" */ = {
			isa = XCConfigurationList;
			buildConfigurations = (
				139A880B2B434CC0004789D1 /* Debug */,
				139A880C2B434CC0004789D1 /* Release */,
			);
			defaultConfigurationIsVisible = 0;
			defaultConfigurationName = Release;
		};
/* End XCConfigurationList section */
	};
	rootObject = 139A87D82B434CBD004789D1 /* Project object */;
}
